
Microsoft Visual Studio Solution File, Format Version 12.00
# Visual Studio 15
Project("{FAE04EC0-301F-11D3-BF4B-00C04F79EFBC}") = "UnityDemo", "Tests.csproj", "{A24C1411-8D3B-D2C1-1065-F16E52983FB7}"
EndProject
Project("{FAE04EC0-301F-11D3-BF4B-00C04F79EFBC}") = "UnityDemo", "Models.csproj", "{C93D7E75-7380-1714-3DE2-9654EAA5F5F0}"
EndProject
Project("{FAE04EC0-301F-11D3-BF4B-00C04F79EFBC}") = "UnityDemo", "Assembly-CSharp.csproj", "{991ACB7A-CC85-4B1E-CE9A-C9C5FDEC3F6F}"
EndProject
Global
	GlobalSection(SolutionConfigurationPlatforms) = preSolution
		Debug|Any CPU = Debug|Any CPU
		Release|Any CPU = Release|Any CPU
	EndGlobalSection
	GlobalSection(ProjectConfigurationPlatforms) = postSolution
		{A24C1411-8D3B-D2C1-1065-F16E52983FB7}.Debug|Any CPU.ActiveCfg = Debug|Any CPU
		{A24C1411-8D3B-D2C1-1065-F16E52983FB7}.Debug|Any CPU.Build.0 = Debug|Any CPU
		{A24C1411-8D3B-D2C1-1065-F16E52983FB7}.Release|Any CPU.ActiveCfg = Release|Any CPU
		{A24C1411-8D3B-D2C1-1065-F16E52983FB7}.Release|Any CPU.Build.0 = Release|Any CPU
		{C93D7E75-7380-1714-3DE2-9654EAA5F5F0}.Debug|Any CPU.ActiveCfg = Debug|Any CPU
		{C93D7E75-7380-1714-3DE2-9654EAA5F5F0}.Debug|Any CPU.Build.0 = Debug|Any CPU
		{C93D7E75-7380-1714-3DE2-9654EAA5F5F0}.Release|Any CPU.ActiveCfg = Release|Any CPU
		{C93D7E75-7380-1714-3DE2-9654EAA5F5F0}.Release|Any CPU.Build.0 = Release|Any CPU
		{991ACB7A-CC85-4B1E-CE9A-C9C5FDEC3F6F}.Debug|Any CPU.ActiveCfg = Debug|Any CPU
		{991ACB7A-CC85-4B1E-CE9A-C9C5FDEC3F6F}.Debug|Any CPU.Build.0 = Debug|Any CPU
		{991ACB7A-CC85-4B1E-CE9A-C9C5FDEC3F6F}.Release|Any CPU.ActiveCfg = Release|Any CPU
		{991ACB7A-CC85-4B1E-CE9A-C9C5FDEC3F6F}.Release|Any CPU.Build.0 = Release|Any CPU
	EndGlobalSection
	GlobalSection(SolutionProperties) = preSolution
		HideSolutionNode = FALSE
	EndGlobalSection
EndGlobal
