
Microsoft Visual Studio Solution File, Format Version 12.00
# Visual Studio 15
Project("{FAE04EC0-301F-11D3-BF4B-00C04F79EFBC}") = "UnityDemo", "Models.csproj", "{C93D7E75-7380-1714-3DE2-9654EAA5F5F0}"
EndProject
Project("{FAE04EC0-301F-11D3-BF4B-00C04F79EFBC}") = "UnityDemo", "Scripts.csproj", "{C2826233-AE82-DDF7-CAC3-DE8F8C80D507}"
EndProject
Project("{FAE04EC0-301F-11D3-BF4B-00C04F79EFBC}") = "UnityDemo", "Packages.csproj", "{13154E8E-7FB8-D7CE-22F6-FBA9BE5C7447}"
EndProject
Project("{FAE04EC0-301F-11D3-BF4B-00C04F79EFBC}") = "UnityDemo", "UnitTests.csproj", "{E332611D-D19A-8F15-DCC0-1617614D1028}"
EndProject
Global
	GlobalSection(SolutionConfigurationPlatforms) = preSolution
		Debug|Any CPU = Debug|Any CPU
		Release|Any CPU = Release|Any CPU
	EndGlobalSection
	GlobalSection(ProjectConfigurationPlatforms) = postSolution
		{C93D7E75-7380-1714-3DE2-9654EAA5F5F0}.Debug|Any CPU.ActiveCfg = Debug|Any CPU
		{C93D7E75-7380-1714-3DE2-9654EAA5F5F0}.Debug|Any CPU.Build.0 = Debug|Any CPU
		{C93D7E75-7380-1714-3DE2-9654EAA5F5F0}.Release|Any CPU.ActiveCfg = Release|Any CPU
		{C93D7E75-7380-1714-3DE2-9654EAA5F5F0}.Release|Any CPU.Build.0 = Release|Any CPU
		{C2826233-AE82-DDF7-CAC3-DE8F8C80D507}.Debug|Any CPU.ActiveCfg = Debug|Any CPU
		{C2826233-AE82-DDF7-CAC3-DE8F8C80D507}.Debug|Any CPU.Build.0 = Debug|Any CPU
		{C2826233-AE82-DDF7-CAC3-DE8F8C80D507}.Release|Any CPU.ActiveCfg = Release|Any CPU
		{C2826233-AE82-DDF7-CAC3-DE8F8C80D507}.Release|Any CPU.Build.0 = Release|Any CPU
		{13154E8E-7FB8-D7CE-22F6-FBA9BE5C7447}.Debug|Any CPU.ActiveCfg = Debug|Any CPU
		{13154E8E-7FB8-D7CE-22F6-FBA9BE5C7447}.Debug|Any CPU.Build.0 = Debug|Any CPU
		{13154E8E-7FB8-D7CE-22F6-FBA9BE5C7447}.Release|Any CPU.ActiveCfg = Release|Any CPU
		{13154E8E-7FB8-D7CE-22F6-FBA9BE5C7447}.Release|Any CPU.Build.0 = Release|Any CPU
		{E332611D-D19A-8F15-DCC0-1617614D1028}.Debug|Any CPU.ActiveCfg = Debug|Any CPU
		{E332611D-D19A-8F15-DCC0-1617614D1028}.Debug|Any CPU.Build.0 = Debug|Any CPU
		{E332611D-D19A-8F15-DCC0-1617614D1028}.Release|Any CPU.ActiveCfg = Release|Any CPU
		{E332611D-D19A-8F15-DCC0-1617614D1028}.Release|Any CPU.Build.0 = Release|Any CPU
	EndGlobalSection
	GlobalSection(SolutionProperties) = preSolution
		HideSolutionNode = FALSE
	EndGlobalSection
EndGlobal
